
Microsoft Visual Studio Solution File, Format Version 12.00
# Visual Studio Version 16
VisualStudioVersion = 16.0.30907.101
MinimumVisualStudioVersion = 10.0.40219.1
Project("{9A19103F-16F7-4668-BE54-9A1E7A4F7556}") = "OrchidMod", "OrchidMod.csproj", "{36500A0C-D28E-450F-B075-D85DB13AB832}"
EndProject
Global
	GlobalSection(SolutionConfigurationPlatforms) = preSolution
		Debug|Any CPU = Debug|Any CPU
		Release|Any CPU = Release|Any CPU
	EndGlobalSection
	GlobalSection(ProjectConfigurationPlatforms) = postSolution
		{36500A0C-D28E-450F-B075-D85DB13AB832}.Debug|Any CPU.ActiveCfg = Debug|Any CPU
		{36500A0C-D28E-450F-B075-D85DB13AB832}.Debug|Any CPU.Build.0 = Debug|Any CPU
		{36500A0C-D28E-450F-B075-D85DB13AB832}.Release|Any CPU.ActiveCfg = Release|Any CPU
		{36500A0C-D28E-450F-B075-D85DB13AB832}.Release|Any CPU.Build.0 = Release|Any CPU
	EndGlobalSection
	GlobalSection(SolutionProperties) = preSolution
		HideSolutionNode = FALSE
	EndGlobalSection
	GlobalSection(ExtensibilityGlobals) = postSolution
		SolutionGuid = {AE71827E-AD36-48A6-AB83-9FEB70E9A12F}
	EndGlobalSection
EndGlobal
